
Microsoft Visual Studio Solution File, Format Version 12.00
# Visual Studio 15
VisualStudioVersion = 15.0.27004.2009
MinimumVisualStudioVersion = 10.0.40219.1
Project("{8BC9CEB8-8B4A-11D0-8D11-00A0C91BC942}") = "11.10-11-12", "11.10-11-12\11.10-11-12.vcxproj", "{CB1DE3EE-F63E-4A2A-8B76-DB55CB295CDA}"
EndProject
Global
	GlobalSection(SolutionConfigurationPlatforms) = preSolution
		Debug|x64 = Debug|x64
		Debug|x86 = Debug|x86
		Release|x64 = Release|x64
		Release|x86 = Release|x86
	EndGlobalSection
	GlobalSection(ProjectConfigurationPlatforms) = postSolution
		{CB1DE3EE-F63E-4A2A-8B76-DB55CB295CDA}.Debug|x64.ActiveCfg = Debug|x64
		{CB1DE3EE-F63E-4A2A-8B76-DB55CB295CDA}.Debug|x64.Build.0 = Debug|x64
		{CB1DE3EE-F63E-4A2A-8B76-DB55CB295CDA}.Debug|x86.ActiveCfg = Debug|Win32
		{CB1DE3EE-F63E-4A2A-8B76-DB55CB295CDA}.Debug|x86.Build.0 = Debug|Win32
		{CB1DE3EE-F63E-4A2A-8B76-DB55CB295CDA}.Release|x64.ActiveCfg = Release|x64
		{CB1DE3EE-F63E-4A2A-8B76-DB55CB295CDA}.Release|x64.Build.0 = Release|x64
		{CB1DE3EE-F63E-4A2A-8B76-DB55CB295CDA}.Release|x86.ActiveCfg = Release|Win32
		{CB1DE3EE-F63E-4A2A-8B76-DB55CB295CDA}.Release|x86.Build.0 = Release|Win32
	EndGlobalSection
	GlobalSection(SolutionProperties) = preSolution
		HideSolutionNode = FALSE
	EndGlobalSection
	GlobalSection(ExtensibilityGlobals) = postSolution
		SolutionGuid = {2549804F-B091-4612-95C6-D57480658B9F}
	EndGlobalSection
EndGlobal
