
Microsoft Visual Studio Solution File, Format Version 12.00
# Visual Studio Version 16
VisualStudioVersion = 16.0.30225.117
MinimumVisualStudioVersion = 10.0.40219.1
Project("{8BC9CEB8-8B4A-11D0-8D11-00A0C91BC942}") = "Chapter02_StartLearningCpp", "Chapter2_StartLearningCpp\Chapter2_StartLearningCpp.vcxproj", "{7CE6CEFA-723A-4D57-853F-B0586D5CA4BF}"
EndProject
Project("{2150E333-8FDC-42A3-9474-1A3956D46DE8}") = "Solution Items", "Solution Items", "{5C2578FA-1C62-4E62-ACE1-E8793C81DC18}"
	ProjectSection(SolutionItems) = preProject
		..\..\..\工作资料\我的图书库\专业理论图书\C语言学习资料\C++ Primer Plus 第6版 中文版.pdf = ..\..\..\工作资料\我的图书库\专业理论图书\C语言学习资料\C++ Primer Plus 第6版 中文版.pdf
	EndProjectSection
EndProject
Project("{8BC9CEB8-8B4A-11D0-8D11-00A0C91BC942}") = "Chapter03_CppArithmeticOperator", "Chapter03_CppArithmeticOperator\Chapter03_CppArithmeticOperator.vcxproj", "{3AD587EC-63D0-43DC-95A9-7BCE7B660BF5}"
EndProject
Project("{8BC9CEB8-8B4A-11D0-8D11-00A0C91BC942}") = "Chapter06_BranchStatements_LogicalOperators", "Chapter06_BranchStatements_LogicalOperators\Chapter06_BranchStatements_LogicalOperators.vcxproj", "{EA89B588-C68B-4AFA-801E-2F23C8E9C098}"
EndProject
Project("{8BC9CEB8-8B4A-11D0-8D11-00A0C91BC942}") = "Chapter10_Object_Class", "Chapter10_Object_Class\Chapter10_Object_Class.vcxproj", "{B49CF4F1-E777-48AC-81DC-443D1B249057}"
EndProject
Project("{8BC9CEB8-8B4A-11D0-8D11-00A0C91BC942}") = "Chapter04_CompoundType", "Chapter04_CompoundType\Chapter04_CompoundType.vcxproj", "{0F9A85A9-1EAD-4355-9F0C-7A7B3BFB4014}"
EndProject
Project("{8BC9CEB8-8B4A-11D0-8D11-00A0C91BC942}") = "Chapter13_ClassInherit", "Chapter13_ClassInherit\Chapter13_ClassInherit.vcxproj", "{0DE8CF6E-20EB-4B53-9478-6ECF881ACCC2}"
EndProject
Global
	GlobalSection(SolutionConfigurationPlatforms) = preSolution
		Debug|x64 = Debug|x64
		Debug|x86 = Debug|x86
		Release|x64 = Release|x64
		Release|x86 = Release|x86
	EndGlobalSection
	GlobalSection(ProjectConfigurationPlatforms) = postSolution
		{7CE6CEFA-723A-4D57-853F-B0586D5CA4BF}.Debug|x64.ActiveCfg = Debug|x64
		{7CE6CEFA-723A-4D57-853F-B0586D5CA4BF}.Debug|x64.Build.0 = Debug|x64
		{7CE6CEFA-723A-4D57-853F-B0586D5CA4BF}.Debug|x86.ActiveCfg = Debug|Win32
		{7CE6CEFA-723A-4D57-853F-B0586D5CA4BF}.Debug|x86.Build.0 = Debug|Win32
		{7CE6CEFA-723A-4D57-853F-B0586D5CA4BF}.Release|x64.ActiveCfg = Release|x64
		{7CE6CEFA-723A-4D57-853F-B0586D5CA4BF}.Release|x64.Build.0 = Release|x64
		{7CE6CEFA-723A-4D57-853F-B0586D5CA4BF}.Release|x86.ActiveCfg = Release|Win32
		{7CE6CEFA-723A-4D57-853F-B0586D5CA4BF}.Release|x86.Build.0 = Release|Win32
		{3AD587EC-63D0-43DC-95A9-7BCE7B660BF5}.Debug|x64.ActiveCfg = Debug|x64
		{3AD587EC-63D0-43DC-95A9-7BCE7B660BF5}.Debug|x64.Build.0 = Debug|x64
		{3AD587EC-63D0-43DC-95A9-7BCE7B660BF5}.Debug|x86.ActiveCfg = Debug|Win32
		{3AD587EC-63D0-43DC-95A9-7BCE7B660BF5}.Debug|x86.Build.0 = Debug|Win32
		{3AD587EC-63D0-43DC-95A9-7BCE7B660BF5}.Release|x64.ActiveCfg = Release|x64
		{3AD587EC-63D0-43DC-95A9-7BCE7B660BF5}.Release|x64.Build.0 = Release|x64
		{3AD587EC-63D0-43DC-95A9-7BCE7B660BF5}.Release|x86.ActiveCfg = Release|Win32
		{3AD587EC-63D0-43DC-95A9-7BCE7B660BF5}.Release|x86.Build.0 = Release|Win32
		{EA89B588-C68B-4AFA-801E-2F23C8E9C098}.Debug|x64.ActiveCfg = Debug|x64
		{EA89B588-C68B-4AFA-801E-2F23C8E9C098}.Debug|x64.Build.0 = Debug|x64
		{EA89B588-C68B-4AFA-801E-2F23C8E9C098}.Debug|x86.ActiveCfg = Debug|Win32
		{EA89B588-C68B-4AFA-801E-2F23C8E9C098}.Debug|x86.Build.0 = Debug|Win32
		{EA89B588-C68B-4AFA-801E-2F23C8E9C098}.Release|x64.ActiveCfg = Release|x64
		{EA89B588-C68B-4AFA-801E-2F23C8E9C098}.Release|x64.Build.0 = Release|x64
		{EA89B588-C68B-4AFA-801E-2F23C8E9C098}.Release|x86.ActiveCfg = Release|Win32
		{EA89B588-C68B-4AFA-801E-2F23C8E9C098}.Release|x86.Build.0 = Release|Win32
		{B49CF4F1-E777-48AC-81DC-443D1B249057}.Debug|x64.ActiveCfg = Debug|x64
		{B49CF4F1-E777-48AC-81DC-443D1B249057}.Debug|x64.Build.0 = Debug|x64
		{B49CF4F1-E777-48AC-81DC-443D1B249057}.Debug|x86.ActiveCfg = Debug|Win32
		{B49CF4F1-E777-48AC-81DC-443D1B249057}.Debug|x86.Build.0 = Debug|Win32
		{B49CF4F1-E777-48AC-81DC-443D1B249057}.Release|x64.ActiveCfg = Release|x64
		{B49CF4F1-E777-48AC-81DC-443D1B249057}.Release|x64.Build.0 = Release|x64
		{B49CF4F1-E777-48AC-81DC-443D1B249057}.Release|x86.ActiveCfg = Release|Win32
		{B49CF4F1-E777-48AC-81DC-443D1B249057}.Release|x86.Build.0 = Release|Win32
		{0F9A85A9-1EAD-4355-9F0C-7A7B3BFB4014}.Debug|x64.ActiveCfg = Debug|x64
		{0F9A85A9-1EAD-4355-9F0C-7A7B3BFB4014}.Debug|x64.Build.0 = Debug|x64
		{0F9A85A9-1EAD-4355-9F0C-7A7B3BFB4014}.Debug|x86.ActiveCfg = Debug|Win32
		{0F9A85A9-1EAD-4355-9F0C-7A7B3BFB4014}.Debug|x86.Build.0 = Debug|Win32
		{0F9A85A9-1EAD-4355-9F0C-7A7B3BFB4014}.Release|x64.ActiveCfg = Release|x64
		{0F9A85A9-1EAD-4355-9F0C-7A7B3BFB4014}.Release|x64.Build.0 = Release|x64
		{0F9A85A9-1EAD-4355-9F0C-7A7B3BFB4014}.Release|x86.ActiveCfg = Release|Win32
		{0F9A85A9-1EAD-4355-9F0C-7A7B3BFB4014}.Release|x86.Build.0 = Release|Win32
		{0DE8CF6E-20EB-4B53-9478-6ECF881ACCC2}.Debug|x64.ActiveCfg = Debug|x64
		{0DE8CF6E-20EB-4B53-9478-6ECF881ACCC2}.Debug|x64.Build.0 = Debug|x64
		{0DE8CF6E-20EB-4B53-9478-6ECF881ACCC2}.Debug|x86.ActiveCfg = Debug|Win32
		{0DE8CF6E-20EB-4B53-9478-6ECF881ACCC2}.Debug|x86.Build.0 = Debug|Win32
		{0DE8CF6E-20EB-4B53-9478-6ECF881ACCC2}.Release|x64.ActiveCfg = Release|x64
		{0DE8CF6E-20EB-4B53-9478-6ECF881ACCC2}.Release|x64.Build.0 = Release|x64
		{0DE8CF6E-20EB-4B53-9478-6ECF881ACCC2}.Release|x86.ActiveCfg = Release|Win32
		{0DE8CF6E-20EB-4B53-9478-6ECF881ACCC2}.Release|x86.Build.0 = Release|Win32
	EndGlobalSection
	GlobalSection(SolutionProperties) = preSolution
		HideSolutionNode = FALSE
	EndGlobalSection
	GlobalSection(ExtensibilityGlobals) = postSolution
		SolutionGuid = {443102CA-3BE7-4023-8A96-E0BD333F919F}
	EndGlobalSection
EndGlobal
